
Microsoft Visual Studio Solution File, Format Version 12.00
# Visual Studio Version 16
Project("{2150E333-8FDC-42A3-9474-1A3956D46DE8}") = "Applications", "Applications", "{890B905D-C171-498D-9E33-BBCDA8CB742B}"
EndProject
Project("{2150E333-8FDC-42A3-9474-1A3956D46DE8}") = "Infrastructure", "Infrastructure", "{B1E83816-1DAB-4CF9-A5D4-E58C7018A16A}"
EndProject
Project("{2150E333-8FDC-42A3-9474-1A3956D46DE8}") = "Modules", "Modules", "{3F2C0226-F82C-4D0D-8985-CFD04EC0A777}"
EndProject
Project("{FAE04EC0-301F-11D3-BF4B-00C04F79EFBC}") = "WebService", "Applications\WebService\WebService.csproj", "{D2F99E95-39B9-47B4-80E9-F4FF9BAAB48A}"
EndProject
Project("{FAE04EC0-301F-11D3-BF4B-00C04F79EFBC}") = "Database", "Infrastructure\Database\Database.csproj", "{5E87EC22-9FE7-4691-8273-8520A95241E4}"
EndProject
Project("{FAE04EC0-301F-11D3-BF4B-00C04F79EFBC}") = "PushNotifier", "Infrastructure\PushNotifier\PushNotifier.csproj", "{E94D3E37-D874-4556-B6B5-6458EE7080EC}"
EndProject
Project("{FAE04EC0-301F-11D3-BF4B-00C04F79EFBC}") = "Alerts", "Modules\Alerts\Alerts.csproj", "{F002F73E-8B01-4C55-98F2-371B74D5E8E4}"
EndProject
Project("{FAE04EC0-301F-11D3-BF4B-00C04F79EFBC}") = "Coins", "Modules\Coins\Coins.csproj", "{FFCE515C-838E-45CA-8590-40D5D2A6D268}"
EndProject
Project("{FAE04EC0-301F-11D3-BF4B-00C04F79EFBC}") = "Exchanges", "Modules\Exchanges\Exchanges.csproj", "{ABE841D0-7FF1-42CC-B82E-D35668C8D0A1}"
EndProject
Project("{FAE04EC0-301F-11D3-BF4B-00C04F79EFBC}") = "Identity", "Modules\Identity\Identity.csproj", "{DFB6DB74-9C7B-43EF-A13E-35982EEC24DA}"
EndProject
Project("{FAE04EC0-301F-11D3-BF4B-00C04F79EFBC}") = "PriceAggregator", "Modules\PriceAggregator\PriceAggregator.csproj", "{9304B8F0-46B6-440B-9247-5EA1985ED143}"
EndProject
Project("{FAE04EC0-301F-11D3-BF4B-00C04F79EFBC}") = "PriceProvider", "Modules\PriceProvider\PriceProvider.csproj", "{878100A9-574E-470F-AD01-39F134463FB2}"
EndProject
Project("{FAE04EC0-301F-11D3-BF4B-00C04F79EFBC}") = "Shared", "Modules\Shared\Shared.csproj", "{13F5A127-F3CD-45BE-B1F2-2530C8B684FA}"
EndProject
Project("{FAE04EC0-301F-11D3-BF4B-00C04F79EFBC}") = "WebSocket", "Infrastructure\WebSocket\WebSocket.csproj", "{AC2AC77B-049A-432E-B620-1CBE596869AA}"
EndProject
Project("{FAE04EC0-301F-11D3-BF4B-00C04F79EFBC}") = "BinaryObjectStorage", "Infrastructure\BinaryObjectStorage\BinaryObjectStorage.csproj", "{15422203-04B8-40FC-9876-9D40AB6DD341}"
EndProject
Project("{FAE04EC0-301F-11D3-BF4B-00C04F79EFBC}") = "Trading", "Modules\Trading\Trading.csproj", "{A784D158-8657-4FA3-8A65-3FE474EF3F9B}"
EndProject
Project("{FAE04EC0-301F-11D3-BF4B-00C04F79EFBC}") = "ServiceBus", "Infrastructure\ServiceBus\ServiceBus.csproj", "{38DF2885-DE91-4C2E-B23C-7AD6360F10A4}"
EndProject
Global
	GlobalSection(SolutionConfigurationPlatforms) = preSolution
		Debug|Any CPU = Debug|Any CPU
		Release|Any CPU = Release|Any CPU
	EndGlobalSection
	GlobalSection(ProjectConfigurationPlatforms) = postSolution
		{D2F99E95-39B9-47B4-80E9-F4FF9BAAB48A}.Debug|Any CPU.ActiveCfg = Debug|Any CPU
		{D2F99E95-39B9-47B4-80E9-F4FF9BAAB48A}.Debug|Any CPU.Build.0 = Debug|Any CPU
		{D2F99E95-39B9-47B4-80E9-F4FF9BAAB48A}.Release|Any CPU.ActiveCfg = Release|Any CPU
		{D2F99E95-39B9-47B4-80E9-F4FF9BAAB48A}.Release|Any CPU.Build.0 = Release|Any CPU
		{5E87EC22-9FE7-4691-8273-8520A95241E4}.Debug|Any CPU.ActiveCfg = Debug|Any CPU
		{5E87EC22-9FE7-4691-8273-8520A95241E4}.Debug|Any CPU.Build.0 = Debug|Any CPU
		{5E87EC22-9FE7-4691-8273-8520A95241E4}.Release|Any CPU.ActiveCfg = Release|Any CPU
		{5E87EC22-9FE7-4691-8273-8520A95241E4}.Release|Any CPU.Build.0 = Release|Any CPU
		{E94D3E37-D874-4556-B6B5-6458EE7080EC}.Debug|Any CPU.ActiveCfg = Debug|Any CPU
		{E94D3E37-D874-4556-B6B5-6458EE7080EC}.Debug|Any CPU.Build.0 = Debug|Any CPU
		{E94D3E37-D874-4556-B6B5-6458EE7080EC}.Release|Any CPU.ActiveCfg = Release|Any CPU
		{E94D3E37-D874-4556-B6B5-6458EE7080EC}.Release|Any CPU.Build.0 = Release|Any CPU
		{F002F73E-8B01-4C55-98F2-371B74D5E8E4}.Debug|Any CPU.ActiveCfg = Debug|Any CPU
		{F002F73E-8B01-4C55-98F2-371B74D5E8E4}.Debug|Any CPU.Build.0 = Debug|Any CPU
		{F002F73E-8B01-4C55-98F2-371B74D5E8E4}.Release|Any CPU.ActiveCfg = Release|Any CPU
		{F002F73E-8B01-4C55-98F2-371B74D5E8E4}.Release|Any CPU.Build.0 = Release|Any CPU
		{FFCE515C-838E-45CA-8590-40D5D2A6D268}.Debug|Any CPU.ActiveCfg = Debug|Any CPU
		{FFCE515C-838E-45CA-8590-40D5D2A6D268}.Debug|Any CPU.Build.0 = Debug|Any CPU
		{FFCE515C-838E-45CA-8590-40D5D2A6D268}.Release|Any CPU.ActiveCfg = Release|Any CPU
		{FFCE515C-838E-45CA-8590-40D5D2A6D268}.Release|Any CPU.Build.0 = Release|Any CPU
		{ABE841D0-7FF1-42CC-B82E-D35668C8D0A1}.Debug|Any CPU.ActiveCfg = Debug|Any CPU
		{ABE841D0-7FF1-42CC-B82E-D35668C8D0A1}.Debug|Any CPU.Build.0 = Debug|Any CPU
		{ABE841D0-7FF1-42CC-B82E-D35668C8D0A1}.Release|Any CPU.ActiveCfg = Release|Any CPU
		{ABE841D0-7FF1-42CC-B82E-D35668C8D0A1}.Release|Any CPU.Build.0 = Release|Any CPU
		{DFB6DB74-9C7B-43EF-A13E-35982EEC24DA}.Debug|Any CPU.ActiveCfg = Debug|Any CPU
		{DFB6DB74-9C7B-43EF-A13E-35982EEC24DA}.Debug|Any CPU.Build.0 = Debug|Any CPU
		{DFB6DB74-9C7B-43EF-A13E-35982EEC24DA}.Release|Any CPU.ActiveCfg = Release|Any CPU
		{DFB6DB74-9C7B-43EF-A13E-35982EEC24DA}.Release|Any CPU.Build.0 = Release|Any CPU
		{9304B8F0-46B6-440B-9247-5EA1985ED143}.Debug|Any CPU.ActiveCfg = Debug|Any CPU
		{9304B8F0-46B6-440B-9247-5EA1985ED143}.Debug|Any CPU.Build.0 = Debug|Any CPU
		{9304B8F0-46B6-440B-9247-5EA1985ED143}.Release|Any CPU.ActiveCfg = Release|Any CPU
		{9304B8F0-46B6-440B-9247-5EA1985ED143}.Release|Any CPU.Build.0 = Release|Any CPU
		{878100A9-574E-470F-AD01-39F134463FB2}.Debug|Any CPU.ActiveCfg = Debug|Any CPU
		{878100A9-574E-470F-AD01-39F134463FB2}.Debug|Any CPU.Build.0 = Debug|Any CPU
		{878100A9-574E-470F-AD01-39F134463FB2}.Release|Any CPU.ActiveCfg = Release|Any CPU
		{878100A9-574E-470F-AD01-39F134463FB2}.Release|Any CPU.Build.0 = Release|Any CPU
		{13F5A127-F3CD-45BE-B1F2-2530C8B684FA}.Debug|Any CPU.ActiveCfg = Debug|Any CPU
		{13F5A127-F3CD-45BE-B1F2-2530C8B684FA}.Debug|Any CPU.Build.0 = Debug|Any CPU
		{13F5A127-F3CD-45BE-B1F2-2530C8B684FA}.Release|Any CPU.ActiveCfg = Release|Any CPU
		{13F5A127-F3CD-45BE-B1F2-2530C8B684FA}.Release|Any CPU.Build.0 = Release|Any CPU
		{AC2AC77B-049A-432E-B620-1CBE596869AA}.Debug|Any CPU.ActiveCfg = Debug|Any CPU
		{AC2AC77B-049A-432E-B620-1CBE596869AA}.Debug|Any CPU.Build.0 = Debug|Any CPU
		{AC2AC77B-049A-432E-B620-1CBE596869AA}.Release|Any CPU.ActiveCfg = Release|Any CPU
		{AC2AC77B-049A-432E-B620-1CBE596869AA}.Release|Any CPU.Build.0 = Release|Any CPU
		{15422203-04B8-40FC-9876-9D40AB6DD341}.Debug|Any CPU.ActiveCfg = Debug|Any CPU
		{15422203-04B8-40FC-9876-9D40AB6DD341}.Debug|Any CPU.Build.0 = Debug|Any CPU
		{15422203-04B8-40FC-9876-9D40AB6DD341}.Release|Any CPU.ActiveCfg = Release|Any CPU
		{15422203-04B8-40FC-9876-9D40AB6DD341}.Release|Any CPU.Build.0 = Release|Any CPU
		{A784D158-8657-4FA3-8A65-3FE474EF3F9B}.Debug|Any CPU.ActiveCfg = Debug|Any CPU
		{A784D158-8657-4FA3-8A65-3FE474EF3F9B}.Debug|Any CPU.Build.0 = Debug|Any CPU
		{A784D158-8657-4FA3-8A65-3FE474EF3F9B}.Release|Any CPU.ActiveCfg = Release|Any CPU
		{A784D158-8657-4FA3-8A65-3FE474EF3F9B}.Release|Any CPU.Build.0 = Release|Any CPU
		{38DF2885-DE91-4C2E-B23C-7AD6360F10A4}.Debug|Any CPU.ActiveCfg = Debug|Any CPU
		{38DF2885-DE91-4C2E-B23C-7AD6360F10A4}.Debug|Any CPU.Build.0 = Debug|Any CPU
		{38DF2885-DE91-4C2E-B23C-7AD6360F10A4}.Release|Any CPU.ActiveCfg = Release|Any CPU
		{38DF2885-DE91-4C2E-B23C-7AD6360F10A4}.Release|Any CPU.Build.0 = Release|Any CPU
	EndGlobalSection
	GlobalSection(NestedProjects) = preSolution
		{D2F99E95-39B9-47B4-80E9-F4FF9BAAB48A} = {890B905D-C171-498D-9E33-BBCDA8CB742B}
		{5E87EC22-9FE7-4691-8273-8520A95241E4} = {B1E83816-1DAB-4CF9-A5D4-E58C7018A16A}
		{E94D3E37-D874-4556-B6B5-6458EE7080EC} = {B1E83816-1DAB-4CF9-A5D4-E58C7018A16A}
		{F002F73E-8B01-4C55-98F2-371B74D5E8E4} = {3F2C0226-F82C-4D0D-8985-CFD04EC0A777}
		{FFCE515C-838E-45CA-8590-40D5D2A6D268} = {3F2C0226-F82C-4D0D-8985-CFD04EC0A777}
		{ABE841D0-7FF1-42CC-B82E-D35668C8D0A1} = {3F2C0226-F82C-4D0D-8985-CFD04EC0A777}
		{DFB6DB74-9C7B-43EF-A13E-35982EEC24DA} = {3F2C0226-F82C-4D0D-8985-CFD04EC0A777}
		{9304B8F0-46B6-440B-9247-5EA1985ED143} = {3F2C0226-F82C-4D0D-8985-CFD04EC0A777}
		{878100A9-574E-470F-AD01-39F134463FB2} = {3F2C0226-F82C-4D0D-8985-CFD04EC0A777}
		{13F5A127-F3CD-45BE-B1F2-2530C8B684FA} = {3F2C0226-F82C-4D0D-8985-CFD04EC0A777}
		{AC2AC77B-049A-432E-B620-1CBE596869AA} = {B1E83816-1DAB-4CF9-A5D4-E58C7018A16A}
		{15422203-04B8-40FC-9876-9D40AB6DD341} = {B1E83816-1DAB-4CF9-A5D4-E58C7018A16A}
		{A784D158-8657-4FA3-8A65-3FE474EF3F9B} = {3F2C0226-F82C-4D0D-8985-CFD04EC0A777}
		{38DF2885-DE91-4C2E-B23C-7AD6360F10A4} = {B1E83816-1DAB-4CF9-A5D4-E58C7018A16A}
	EndGlobalSection
EndGlobal
